{
  "requires": true,
  "lockfileVersion": 1,
  "dependencies": {
    "emojify.js": {
      "version": "1.1.0",
      "resolved": "https://registry.npmjs.org/emojify.js/-/emojify.js-1.1.0.tgz",
      "integrity": "sha1-B5//IjMHyQB/VweF6OSTXVw5i+s="
    },
    "gitbook-plugin-advanced-emoji": {
      "version": "0.2.2",
      "resolved": "https://registry.npmjs.org/gitbook-plugin-advanced-emoji/-/gitbook-plugin-advanced-emoji-0.2.2.tgz",
      "integrity": "sha1-CLzGn2KnSc1pIEQ1J2UYyUHDGeM=",
      "requires": {
        "emojify.js": "1.1.0"
      }
    }
  }
}
